// !$*UTF8*$!
{
	archiveVersion = 1;
	classes = {
	};
	objectVersion = 46;
	objects = {

/* Begin PBXBuildFile section */
		8E53703F195AEA9B0029C6F7 /* AppDelegate.swift in Sources */ = {isa = PBXBuildFile; fileRef = 8E53703E195AEA9B0029C6F7 /* AppDelegate.swift */; };
		8E537041195AEA9B0029C6F7 /* ViewController.swift in Sources */ = {isa = PBXBuildFile; fileRef = 8E537040195AEA9B0029C6F7 /* ViewController.swift */; };
		8E537044195AEA9B0029C6F7 /* Main.storyboard in Resources */ = {isa = PBXBuildFile; fileRef = 8E537042195AEA9B0029C6F7 /* Main.storyboard */; };
		8E537046195AEA9B0029C6F7 /* Images.xcassets in Resources */ = {isa = PBXBuildFile; fileRef = 8E537045195AEA9B0029C6F7 /* Images.xcassets */; };
		8E537052195AEA9B0029C6F7 /* MapKitSwiftTutorialTests.swift in Sources */ = {isa = PBXBuildFile; fileRef = 8E537051195AEA9B0029C6F7 /* MapKitSwiftTutorialTests.swift */; };
		8E53705C195AEAA60029C6F7 /* MapKit.framework in Frameworks */ = {isa = PBXBuildFile; fileRef = 8E53705B195AEAA60029C6F7 /* MapKit.framework */; };
/* End PBXBuildFile section */

/* Begin PBXContainerItemProxy section */
		8E53704C195AEA9B0029C6F7 /* PBXContainerItemProxy */ = {
			isa = PBXContainerItemProxy;
			containerPortal = 8E537031195AEA9B0029C6F7 /* Project object */;
			proxyType = 1;
			remoteGlobalIDString = 8E537038195AEA9B0029C6F7;
			remoteInfo = MapKitSwiftTutorial;
		};
/* End PBXContainerItemProxy section */

/* Begin PBXFileReference section */
		8E537039195AEA9B0029C6F7 /* MapKitSwiftTutorial.app */ = {isa = PBXFileReference; explicitFileType = wrapper.application; includeInIndex = 0; path = MapKitSwiftTutorial.app; sourceTree = BUILT_PRODUCTS_DIR; };
		8E53703D195AEA9B0029C6F7 /* Info.plist */ = {isa = PBXFileReference; lastKnownFileType = text.plist.xml; path = Info.plist; sourceTree = "<group>"; };
		8E53703E195AEA9B0029C6F7 /* AppDelegate.swift */ = {isa = PBXFileReference; lastKnownFileType = sourcecode.swift; path = AppDelegate.swift; sourceTree = "<group>"; };
		8E537040195AEA9B0029C6F7 /* ViewController.swift */ = {isa = PBXFileReference; lastKnownFileType = sourcecode.swift; path = ViewController.swift; sourceTree = "<group>"; };
		8E537043195AEA9B0029C6F7 /* Base */ = {isa = PBXFileReference; lastKnownFileType = file.storyboard; name = Base; path = Base.lproj/Main.storyboard; sourceTree = "<group>"; };
		8E537045195AEA9B0029C6F7 /* Images.xcassets */ = {isa = PBXFileReference; lastKnownFileType = folder.assetcatalog; path = Images.xcassets; sourceTree = "<group>"; };
		8E53704B195AEA9B0029C6F7 /* MapKitSwiftTutorialTests.xctest */ = {isa = PBXFileReference; explicitFileType = wrapper.cfbundle; includeInIndex = 0; path = MapKitSwiftTutorialTests.xctest; sourceTree = BUILT_PRODUCTS_DIR; };
		8E537050195AEA9B0029C6F7 /* Info.plist */ = {isa = PBXFileReference; lastKnownFileType = text.plist.xml; path = Info.plist; sourceTree = "<group>"; };
		8E537051195AEA9B0029C6F7 /* MapKitSwiftTutorialTests.swift */ = {isa = PBXFileReference; lastKnownFileType = sourcecode.swift; path = MapKitSwiftTutorialTests.swift; sourceTree = "<group>"; };
		8E53705B195AEAA60029C6F7 /* MapKit.framework */ = {isa = PBXFileReference; lastKnownFileType = wrapper.framework; name = MapKit.framework; path = System/Library/Frameworks/MapKit.framework; sourceTree = SDKROOT; };
/* End PBXFileReference section */

/* Begin PBXFrameworksBuildPhase section */
		8E537036195AEA9B0029C6F7 /* Frameworks */ = {
			isa = PBXFrameworksBuildPhase;
			buildActionMask = 2147483647;
			files = (
				8E53705C195AEAA60029C6F7 /* MapKit.framework in Frameworks */,
			);
			runOnlyForDeploymentPostprocessing = 0;
		};
		8E537048195AEA9B0029C6F7 /* Frameworks */ = {
			isa = PBXFrameworksBuildPhase;
			buildActionMask = 2147483647;
			files = (
			);
			runOnlyForDeploymentPostprocessing = 0;
		};
/* End PBXFrameworksBuildPhase section */

/* Begin PBXGroup section */
		8E537030195AEA9B0029C6F7 = {
			isa = PBXGroup;
			children = (
				8E53705B195AEAA60029C6F7 /* MapKit.framework */,
				8E53703B195AEA9B0029C6F7 /* MapKitSwiftTutorial */,
				8E53704E195AEA9B0029C6F7 /* MapKitSwiftTutorialTests */,
				8E53703A195AEA9B0029C6F7 /* Products */,
			);
			sourceTree = "<group>";
		};
		8E53703A195AEA9B0029C6F7 /* Products */ = {
			isa = PBXGroup;
			children = (
				8E537039195AEA9B0029C6F7 /* MapKitSwiftTutorial.app */,
				8E53704B195AEA9B0029C6F7 /* MapKitSwiftTutorialTests.xctest */,
			);
			name = Products;
			sourceTree = "<group>";
		};
		8E53703B195AEA9B0029C6F7 /* MapKitSwiftTutorial */ = {
			isa = PBXGroup;
			children = (
				8E53703E195AEA9B0029C6F7 /* AppDelegate.swift */,
				8E537040195AEA9B0029C6F7 /* ViewController.swift */,
				8E537042195AEA9B0029C6F7 /* Main.storyboard */,
				8E537045195AEA9B0029C6F7 /* Images.xcassets */,
				8E53703C195AEA9B0029C6F7 /* Supporting Files */,
			);
			path = MapKitSwiftTutorial;
			sourceTree = "<group>";
		};
		8E53703C195AEA9B0029C6F7 /* Supporting Files */ = {
			isa = PBXGroup;
			children = (
				8E53703D195AEA9B0029C6F7 /* Info.plist */,
			);
			name = "Supporting Files";
			sourceTree = "<group>";
		};
		8E53704E195AEA9B0029C6F7 /* MapKitSwiftTutorialTests */ = {
			isa = PBXGroup;
			children = (
				8E537051195AEA9B0029C6F7 /* MapKitSwiftTutorialTests.swift */,
				8E53704F195AEA9B0029C6F7 /* Supporting Files */,
			);
			path = MapKitSwiftTutorialTests;
			sourceTree = "<group>";
		};
		8E53704F195AEA9B0029C6F7 /* Supporting Files */ = {
			isa = PBXGroup;
			children = (
				8E537050195AEA9B0029C6F7 /* Info.plist */,
			);
			name = "Supporting Files";
			sourceTree = "<group>";
		};
/* End PBXGroup section */

/* Begin PBXNativeTarget section */
		8E537038195AEA9B0029C6F7 /* MapKitSwiftTutorial */ = {
			isa = PBXNativeTarget;
			buildConfigurationList = 8E537055195AEA9B0029C6F7 /* Build configuration list for PBXNativeTarget "MapKitSwiftTutorial" */;
			buildPhases = (
				8E537035195AEA9B0029C6F7 /* Sources */,
				8E537036195AEA9B0029C6F7 /* Frameworks */,
				8E537037195AEA9B0029C6F7 /* Resources */,
			);
			buildRules = (
			);
			dependencies = (
			);
			name = MapKitSwiftTutorial;
			productName = MapKitSwiftTutorial;
			productReference = 8E537039195AEA9B0029C6F7 /* MapKitSwiftTutorial.app */;
			productType = "com.apple.product-type.application";
		};
		8E53704A195AEA9B0029C6F7 /* MapKitSwiftTutorialTests */ = {
			isa = PBXNativeTarget;
			buildConfigurationList = 8E537058195AEA9B0029C6F7 /* Build configuration list for PBXNativeTarget "MapKitSwiftTutorialTests" */;
			buildPhases = (
				8E537047195AEA9B0029C6F7 /* Sources */,
				8E537048195AEA9B0029C6F7 /* Frameworks */,
				8E537049195AEA9B0029C6F7 /* Resources */,
			);
			buildRules = (
			);
			dependencies = (
				8E53704D195AEA9B0029C6F7 /* PBXTargetDependency */,
			);
			name = MapKitSwiftTutorialTests;
			productName = MapKitSwiftTutorialTests;
			productReference = 8E53704B195AEA9B0029C6F7 /* MapKitSwiftTutorialTests.xctest */;
			productType = "com.apple.product-type.bundle.unit-test";
		};
/* End PBXNativeTarget section */

/* Begin PBXProject section */
		8E537031195AEA9B0029C6F7 /* Project object */ = {
			isa = PBXProject;
			attributes = {
				LastUpgradeCheck = 0600;
				ORGANIZATIONNAME = hssh;
				TargetAttributes = {
					8E537038195AEA9B0029C6F7 = {
						CreatedOnToolsVersion = 6.0;
					};
					8E53704A195AEA9B0029C6F7 = {
						CreatedOnToolsVersion = 6.0;
						TestTargetID = 8E537038195AEA9B0029C6F7;
					};
				};
			};
			buildConfigurationList = 8E537034195AEA9B0029C6F7 /* Build configuration list for PBXProject "MapKitSwiftTutorial" */;
			compatibilityVersion = "Xcode 3.2";
			developmentRegion = English;
			hasScannedForEncodings = 0;
			knownRegions = (
				en,
				Base,
			);
			mainGroup = 8E537030195AEA9B0029C6F7;
			productRefGroup = 8E53703A195AEA9B0029C6F7 /* Products */;
			projectDirPath = "";
			projectRoot = "";
			targets = (
				8E537038195AEA9B0029C6F7 /* MapKitSwiftTutorial */,
				8E53704A195AEA9B0029C6F7 /* MapKitSwiftTutorialTests */,
			);
		};
/* End PBXProject section */

/* Begin PBXResourcesBuildPhase section */
		8E537037195AEA9B0029C6F7 /* Resources */ = {
			isa = PBXResourcesBuildPhase;
			buildActionMask = 2147483647;
			files = (
				8E537044195AEA9B0029C6F7 /* Main.storyboard in Resources */,
				8E537046195AEA9B0029C6F7 /* Images.xcassets in Resources */,
			);
			runOnlyForDeploymentPostprocessing = 0;
		};
		8E537049195AEA9B0029C6F7 /* Resources */ = {
			isa = PBXResourcesBuildPhase;
			buildActionMask = 2147483647;
			files = (
			);
			runOnlyForDeploymentPostprocessing = 0;
		};
/* End PBXResourcesBuildPhase section */

/* Begin PBXSourcesBuildPhase section */
		8E537035195AEA9B0029C6F7 /* Sources */ = {
			isa = PBXSourcesBuildPhase;
			buildActionMask = 2147483647;
			files = (
				8E537041195AEA9B0029C6F7 /* ViewController.swift in Sources */,
				8E53703F195AEA9B0029C6F7 /* AppDelegate.swift in Sources */,
			);
			runOnlyForDeploymentPostprocessing = 0;
		};
		8E537047195AEA9B0029C6F7 /* Sources */ = {
			isa = PBXSourcesBuildPhase;
			buildActionMask = 2147483647;
			files = (
				8E537052195AEA9B0029C6F7 /* MapKitSwiftTutorialTests.swift in Sources */,
			);
			runOnlyForDeploymentPostprocessing = 0;
		};
/* End PBXSourcesBuildPhase section */

/* Begin PBXTargetDependency section */
		8E53704D195AEA9B0029C6F7 /* PBXTargetDependency */ = {
			isa = PBXTargetDependency;
			target = 8E537038195AEA9B0029C6F7 /* MapKitSwiftTutorial */;
			targetProxy = 8E53704C195AEA9B0029C6F7 /* PBXContainerItemProxy */;
		};
/* End PBXTargetDependency section */

/* Begin PBXVariantGroup section */
		8E537042195AEA9B0029C6F7 /* Main.storyboard */ = {
			isa = PBXVariantGroup;
			children = (
				8E537043195AEA9B0029C6F7 /* Base */,
			);
			name = Main.storyboard;
			sourceTree = "<group>";
		};
/* End PBXVariantGroup section */

/* Begin XCBuildConfiguration section */
		8E537053195AEA9B0029C6F7 /* Debug */ = {
			isa = XCBuildConfiguration;
			buildSettings = {
				ALWAYS_SEARCH_USER_PATHS = NO;
				CLANG_CXX_LANGUAGE_STANDARD = "gnu++0x";
				CLANG_CXX_LIBRARY = "libc++";
				CLANG_ENABLE_MODULES = YES;
				CLANG_ENABLE_OBJC_ARC = YES;
				CLANG_WARN_BOOL_CONVERSION = YES;
				CLANG_WARN_CONSTANT_CONVERSION = YES;
				CLANG_WARN_DIRECT_OBJC_ISA_USAGE = YES_ERROR;
				CLANG_WARN_EMPTY_BODY = YES;
				CLANG_WARN_ENUM_CONVERSION = YES;
				CLANG_WARN_INT_CONVERSION = YES;
				CLANG_WARN_OBJC_ROOT_CLASS = YES_ERROR;
				CLANG_WARN_UNREACHABLE_CODE = YES;
				CLANG_WARN__DUPLICATE_METHOD_MATCH = YES;
				"CODE_SIGN_IDENTITY[sdk=iphoneos*]" = "iPhone Developer";
				COPY_PHASE_STRIP = NO;
				ENABLE_STRICT_OBJC_MSGSEND = YES;
				GCC_C_LANGUAGE_STANDARD = gnu99;
				GCC_DYNAMIC_NO_PIC = NO;
				GCC_OPTIMIZATION_LEVEL = 0;
				GCC_PREPROCESSOR_DEFINITIONS = (
					"DEBUG=1",
					"$(inherited)",
				);
				GCC_SYMBOLS_PRIVATE_EXTERN = NO;
				GCC_WARN_64_TO_32_BIT_CONVERSION = YES;
				GCC_WARN_ABOUT_RETURN_TYPE = YES_ERROR;
				GCC_WARN_UNDECLARED_SELECTOR = YES;
				GCC_WARN_UNINITIALIZED_AUTOS = YES_AGGRESSIVE;
				GCC_WARN_UNUSED_FUNCTION = YES;
				GCC_WARN_UNUSED_VARIABLE = YES;
				IPHONEOS_DEPLOYMENT_TARGET = 8.0;
				METAL_ENABLE_DEBUG_INFO = YES;
				ONLY_ACTIVE_ARCH = YES;
				SDKROOT = iphoneos;
				SWIFT_OPTIMIZATION_LEVEL = "-Onone";
				TARGETED_DEVICE_FAMILY = "1,2";
			};
			name = Debug;
		};
		8E537054195AEA9B0029C6F7 /* Release */ = {
			isa = XCBuildConfiguration;
			buildSettings = {
				ALWAYS_SEARCH_USER_PATHS = NO;
				CLANG_CXX_LANGUAGE_STANDARD = "gnu++0x";
				CLANG_CXX_LIBRARY = "libc++";
				CLANG_ENABLE_MODULES = YES;
				CLANG_ENABLE_OBJC_ARC = YES;
				CLANG_WARN_BOOL_CONVERSION = YES;
				CLANG_WARN_CONSTANT_CONVERSION = YES;
				CLANG_WARN_DIRECT_OBJC_ISA_USAGE = YES_ERROR;
				CLANG_WARN_EMPTY_BODY = YES;
				CLANG_WARN_ENUM_CONVERSION = YES;
				CLANG_WARN_INT_CONVERSION = YES;
				CLANG_WARN_OBJC_ROOT_CLASS = YES_ERROR;
				CLANG_WARN_UNREACHABLE_CODE = YES;
				CLANG_WARN__DUPLICATE_METHOD_MATCH = YES;
				"CODE_SIGN_IDENTITY[sdk=iphoneos*]" = "iPhone Developer";
				COPY_PHASE_STRIP = YES;
				ENABLE_NS_ASSERTIONS = NO;
				ENABLE_STRICT_OBJC_MSGSEND = YES;
				GCC_C_LANGUAGE_STANDARD = gnu99;
				GCC_WARN_64_TO_32_BIT_CONVERSION = YES;
				GCC_WARN_ABOUT_RETURN_TYPE = YES_ERROR;
				GCC_WARN_UNDECLARED_SELECTOR = YES;
				GCC_WARN_UNINITIALIZED_AUTOS = YES_AGGRESSIVE;
				GCC_WARN_UNUSED_FUNCTION = YES;
				GCC_WARN_UNUSED_VARIABLE = YES;
				IPHONEOS_DEPLOYMENT_TARGET = 8.0;
				METAL_ENABLE_DEBUG_INFO = NO;
				SDKROOT = iphoneos;
				TARGETED_DEVICE_FAMILY = "1,2";
				VALIDATE_PRODUCT = YES;
			};
			name = Release;
		};
		8E537056195AEA9B0029C6F7 /* Debug */ = {
			isa = XCBuildConfiguration;
			buildSettings = {
				ASSETCATALOG_COMPILER_APPICON_NAME = AppIcon;
				ASSETCATALOG_COMPILER_LAUNCHIMAGE_NAME = LaunchImage;
				INFOPLIST_FILE = MapKitSwiftTutorial/Info.plist;
				IPHONEOS_DEPLOYMENT_TARGET = 7.1;
				LD_RUNPATH_SEARCH_PATHS = "$(inherited) @executable_path/Frameworks";
				PRODUCT_NAME = "$(TARGET_NAME)";
			};
			name = Debug;
		};
		8E537057195AEA9B0029C6F7 /* Release */ = {
			isa = XCBuildConfiguration;
			buildSettings = {
				ASSETCATALOG_COMPILER_APPICON_NAME = AppIcon;
				ASSETCATALOG_COMPILER_LAUNCHIMAGE_NAME = LaunchImage;
				INFOPLIST_FILE = MapKitSwiftTutorial/Info.plist;
				IPHONEOS_DEPLOYMENT_TARGET = 7.1;
				LD_RUNPATH_SEARCH_PATHS = "$(inherited) @executable_path/Frameworks";
				PRODUCT_NAME = "$(TARGET_NAME)";
			};
			name = Release;
		};
		8E537059195AEA9B0029C6F7 /* Debug */ = {
			isa = XCBuildConfiguration;
			buildSettings = {
				BUNDLE_LOADER = "$(BUILT_PRODUCTS_DIR)/MapKitSwiftTutorial.app/MapKitSwiftTutorial";
				FRAMEWORK_SEARCH_PATHS = (
					"$(SDKROOT)/Developer/Library/Frameworks",
					"$(inherited)",
				);
				GCC_PREPROCESSOR_DEFINITIONS = (
					"DEBUG=1",
					"$(inherited)",
				);
				INFOPLIST_FILE = MapKitSwiftTutorialTests/Info.plist;
				LD_RUNPATH_SEARCH_PATHS = "$(inherited) @executable_path/Frameworks @loader_path/Frameworks";
				METAL_ENABLE_DEBUG_INFO = YES;
				PRODUCT_NAME = "$(TARGET_NAME)";
				TEST_HOST = "$(BUNDLE_LOADER)";
			};
			name = Debug;
		};
		8E53705A195AEA9B0029C6F7 /* Release */ = {
			isa = XCBuildConfiguration;
			buildSettings = {
				BUNDLE_LOADER = "$(BUILT_PRODUCTS_DIR)/MapKitSwiftTutorial.app/MapKitSwiftTutorial";
				FRAMEWORK_SEARCH_PATHS = (
					"$(SDKROOT)/Developer/Library/Frameworks",
					"$(inherited)",
				);
				INFOPLIST_FILE = MapKitSwiftTutorialTests/Info.plist;
				LD_RUNPATH_SEARCH_PATHS = "$(inherited) @executable_path/Frameworks @loader_path/Frameworks";
				METAL_ENABLE_DEBUG_INFO = NO;
				PRODUCT_NAME = "$(TARGET_NAME)";
				TEST_HOST = "$(BUNDLE_LOADER)";
			};
			name = Release;
		};
/* End XCBuildConfiguration section */

/* Begin XCConfigurationList section */
		8E537034195AEA9B0029C6F7 /* Build configuration list for PBXProject "MapKitSwiftTutorial" */ = {
			isa = XCConfigurationList;
			buildConfigurations = (
				8E537053195AEA9B0029C6F7 /* Debug */,
				8E537054195AEA9B0029C6F7 /* Release */,
			);
			defaultConfigurationIsVisible = 0;
			defaultConfigurationName = Release;
		};
		8E537055195AEA9B0029C6F7 /* Build configuration list for PBXNativeTarget "MapKitSwiftTutorial" */ = {
			isa = XCConfigurationList;
			buildConfigurations = (
				8E537056195AEA9B0029C6F7 /* Debug */,
				8E537057195AEA9B0029C6F7 /* Release */,
			);
			defaultConfigurationIsVisible = 0;
			defaultConfigurationName = Release;
		};
		8E537058195AEA9B0029C6F7 /* Build configuration list for PBXNativeTarget "MapKitSwiftTutorialTests" */ = {
			isa = XCConfigurationList;
			buildConfigurations = (
				8E537059195AEA9B0029C6F7 /* Debug */,
				8E53705A195AEA9B0029C6F7 /* Release */,
			);
			defaultConfigurationIsVisible = 0;
			defaultConfigurationName = Release;
		};
/* End XCConfigurationList section */
	};
	rootObject = 8E537031195AEA9B0029C6F7 /* Project object */;
}
